
Microsoft Visual Studio Solution File, Format Version 12.00
# Visual Studio Version 17
VisualStudioVersion = 17.14.36518.9
MinimumVisualStudioVersion = 10.0.40219.1
Project("{FAE04EC0-301F-11D3-BF4B-00C04F79EFBC}") = "TMS.Web", "TMS.Web\TMS.Web.csproj", "{5BB3242C-C3D4-46AE-B794-FC80D0F121E2}"
	ProjectSection(ProjectDependencies) = postProject
		{E1FE18D7-C994-420A-97C3-4A6953402358} = {E1FE18D7-C994-420A-97C3-4A6953402358}
	EndProjectSection
EndProject
Project("{FAE04EC0-301F-11D3-BF4B-00C04F79EFBC}") = "TMS.API", "TMS.API\TMS.API.csproj", "{3B91D276-5DD6-4BE5-AB88-17E1072CC39A}"
	ProjectSection(ProjectDependencies) = postProject
		{E1FE18D7-C994-420A-97C3-4A6953402358} = {E1FE18D7-C994-420A-97C3-4A6953402358}
	EndProjectSection
EndProject
Project("{FAE04EC0-301F-11D3-BF4B-00C04F79EFBC}") = "TMS.Shared", "TMS.Shared\TMS.Shared.csproj", "{E1FE18D7-C994-420A-97C3-4A6953402358}"
EndProject
Global
	GlobalSection(SolutionConfigurationPlatforms) = preSolution
		Debug|Any CPU = Debug|Any CPU
		Release|Any CPU = Release|Any CPU
	EndGlobalSection
	GlobalSection(ProjectConfigurationPlatforms) = postSolution
		{5BB3242C-C3D4-46AE-B794-FC80D0F121E2}.Debug|Any CPU.ActiveCfg = Debug|Any CPU
		{5BB3242C-C3D4-46AE-B794-FC80D0F121E2}.Debug|Any CPU.Build.0 = Debug|Any CPU
		{5BB3242C-C3D4-46AE-B794-FC80D0F121E2}.Release|Any CPU.ActiveCfg = Release|Any CPU
		{5BB3242C-C3D4-46AE-B794-FC80D0F121E2}.Release|Any CPU.Build.0 = Release|Any CPU
		{3B91D276-5DD6-4BE5-AB88-17E1072CC39A}.Debug|Any CPU.ActiveCfg = Debug|Any CPU
		{3B91D276-5DD6-4BE5-AB88-17E1072CC39A}.Debug|Any CPU.Build.0 = Debug|Any CPU
		{3B91D276-5DD6-4BE5-AB88-17E1072CC39A}.Release|Any CPU.ActiveCfg = Release|Any CPU
		{3B91D276-5DD6-4BE5-AB88-17E1072CC39A}.Release|Any CPU.Build.0 = Release|Any CPU
		{E1FE18D7-C994-420A-97C3-4A6953402358}.Debug|Any CPU.ActiveCfg = Debug|Any CPU
		{E1FE18D7-C994-420A-97C3-4A6953402358}.Debug|Any CPU.Build.0 = Debug|Any CPU
		{E1FE18D7-C994-420A-97C3-4A6953402358}.Release|Any CPU.ActiveCfg = Release|Any CPU
		{E1FE18D7-C994-420A-97C3-4A6953402358}.Release|Any CPU.Build.0 = Release|Any CPU
	EndGlobalSection
	GlobalSection(SolutionProperties) = preSolution
		HideSolutionNode = FALSE
	EndGlobalSection
	GlobalSection(ExtensibilityGlobals) = postSolution
		SolutionGuid = {AFD644C9-3A9B-4D02-B370-801D91B876B0}
	EndGlobalSection
EndGlobal
